<?xml version="1.0" encoding="utf-8"?>
<Project ToolsVersion="4.0" xmlns="http://schemas.microsoft.com/developer/msbuild/2003">
  <ItemGroup>
    <Filter Include="[pch]">
      <UniqueIdentifier>{1cba4cf7-1db5-4b21-a888-e6df7380b4f7}</UniqueIdentifier>
    </Filter>
    <Filter Include="ScreenBuffer">
      <UniqueIdentifier>{a99be962-7db0-414c-bbbd-e5a4f3d6c5c9}</UniqueIdentifier>
    </Filter>
    <Filter Include="FbxLoader">
      <UniqueIdentifier>{10757507-1d3d-46b5-a1ae-3b1e8ff2c407}</UniqueIdentifier>
    </Filter>
    <Filter Include="ObjLoader">
      <UniqueIdentifier>{0bec156b-7024-4b2f-826f-f5986f1521d9}</UniqueIdentifier>
    </Filter>
  </ItemGroup>
  <ItemGroup>
    <ClInclude Include="pch.h">
      <Filter>[pch]</Filter>
    </ClInclude>
    <ClInclude Include="ScreenBuffer.h">
      <Filter>ScreenBuffer</Filter>
    </ClInclude>
    <ClInclude Include="AlignedAllocator.h" />
    <ClInclude Include="FbxLoader.h">
      <Filter>FbxLoader</Filter>
    </ClInclude>
    <ClInclude Include="list.h">
      <Filter>ObjLoader</Filter>
    </ClInclude>
    <ClInclude Include="obj_parser.h">
      <Filter>ObjLoader</Filter>
    </ClInclude>
    <ClInclude Include="objLoader.h">
      <Filter>ObjLoader</Filter>
    </ClInclude>
    <ClInclude Include="string_extra.h">
      <Filter>ObjLoader</Filter>
    </ClInclude>
  </ItemGroup>
  <ItemGroup>
    <ClCompile Include="pch.cpp">
      <Filter>[pch]</Filter>
    </ClCompile>
    <ClCompile Include="main.cpp" />
    <ClCompile Include="ScreenBuffer.cpp">
      <Filter>ScreenBuffer</Filter>
    </ClCompile>
    <ClCompile Include="FbxLoader.cpp">
      <Filter>FbxLoader</Filter>
    </ClCompile>
    <ClCompile Include="list.cpp">
      <Filter>ObjLoader</Filter>
    </ClCompile>
    <ClCompile Include="obj_parser.cpp">
      <Filter>ObjLoader</Filter>
    </ClCompile>
    <ClCompile Include="objLoader.cpp">
      <Filter>ObjLoader</Filter>
    </ClCompile>
    <ClCompile Include="string_extra.cpp">
      <Filter>ObjLoader</Filter>
    </ClCompile>
  </ItemGroup>
</Project>